Microsoft Visual Studio Solution File, Format Version 12.00
# Visual Studio Version 17
VisualStudioVersion = 17.5.2.0
MinimumVisualStudioVersion = 10.0.40219.1
Project("{FAE04EC0-301F-11D3-BF4B-00C04F79EFBC}") = "InstitutoLC.Api", "InstitutoLC.Api\InstitutoLC.Api.csproj", "{A926735C-A72C-F058-FD33-E7CC98207DC0}"
EndProject
Global
	GlobalSection(SolutionConfigurationPlatforms) = preSolution
		Debug|Any CPU = Debug|Any CPU
		Release|Any CPU = Release|Any CPU
	EndGlobalSection
	GlobalSection(ProjectConfigurationPlatforms) = postSolution
		{A926735C-A72C-F058-FD33-E7CC98207DC0}.Debug|Any CPU.ActiveCfg = Debug|Any CPU
		{A926735C-A72C-F058-FD33-E7CC98207DC0}.Debug|Any CPU.Build.0 = Debug|Any CPU
		{A926735C-A72C-F058-FD33-E7CC98207DC0}.Release|Any CPU.ActiveCfg = Release|Any CPU
		{A926735C-A72C-F058-FD33-E7CC98207DC0}.Release|Any CPU.Build.0 = Release|Any CPU
	EndGlobalSection
	GlobalSection(SolutionProperties) = preSolution
		HideSolutionNode = FALSE
	EndGlobalSection
	GlobalSection(ExtensibilityGlobals) = postSolution
		SolutionGuid = {D6307A0B-DF3A-4A9F-BEFA-F703600254CE}
	EndGlobalSection
EndGlobal
